
Microsoft Visual Studio Solution File, Format Version 12.00
# Visual Studio Version 17
VisualStudioVersion = 17.5.33530.505
MinimumVisualStudioVersion = 10.0.40219.1
Project("{D2ABAB84-BF74-430A-B69E-9DC6D40DDA17}") = "ProyectoFinal-Emerson", "ProyectoFinal-Emerson.dwproj", "{61E41BE5-6B59-4D2C-88B8-2AFD3CAEF303}"
EndProject
Global
	GlobalSection(SolutionConfigurationPlatforms) = preSolution
		Development|Default = Development|Default
	EndGlobalSection
	GlobalSection(ProjectConfigurationPlatforms) = postSolution
		{61E41BE5-6B59-4D2C-88B8-2AFD3CAEF303}.Development|Default.ActiveCfg = Development
		{61E41BE5-6B59-4D2C-88B8-2AFD3CAEF303}.Development|Default.Build.0 = Development
		{61E41BE5-6B59-4D2C-88B8-2AFD3CAEF303}.Development|Default.Deploy.0 = Development
	EndGlobalSection
	GlobalSection(SolutionProperties) = preSolution
		HideSolutionNode = FALSE
	EndGlobalSection
	GlobalSection(ExtensibilityGlobals) = postSolution
		SolutionGuid = {E660E1C8-AC6B-4261-A52E-97E776F1841F}
	EndGlobalSection
EndGlobal
